
Microsoft Visual Studio Solution File, Format Version 12.00
# Visual Studio Version 17
VisualStudioVersion = 17.7.34024.191
MinimumVisualStudioVersion = 10.0.40219.1
Project("{FAE04EC0-301F-11D3-BF4B-00C04F79EFBC}") = "VulnDriverFinder", "VulnDriverFinder\VulnDriverFinder.csproj", "{00814389-7722-4CFE-9D9A-806E36F34D86}"
EndProject
Global
	GlobalSection(SolutionConfigurationPlatforms) = preSolution
		Debug|Any CPU = Debug|Any CPU
		Release|Any CPU = Release|Any CPU
	EndGlobalSection
	GlobalSection(ProjectConfigurationPlatforms) = postSolution
		{00814389-7722-4CFE-9D9A-806E36F34D86}.Debug|Any CPU.ActiveCfg = Debug|Any CPU
		{00814389-7722-4CFE-9D9A-806E36F34D86}.Debug|Any CPU.Build.0 = Debug|Any CPU
		{00814389-7722-4CFE-9D9A-806E36F34D86}.Release|Any CPU.ActiveCfg = Release|Any CPU
		{00814389-7722-4CFE-9D9A-806E36F34D86}.Release|Any CPU.Build.0 = Release|Any CPU
	EndGlobalSection
	GlobalSection(SolutionProperties) = preSolution
		HideSolutionNode = FALSE
	EndGlobalSection
	GlobalSection(ExtensibilityGlobals) = postSolution
		SolutionGuid = {E216C032-106D-4C15-BCEC-812C3B15478F}
	EndGlobalSection
EndGlobal
